
Microsoft Visual Studio Solution File, Format Version 12.00
# Visual Studio Version 17
VisualStudioVersion = 17.12.35707.178 d17.12
MinimumVisualStudioVersion = 10.0.40219.1
Project("{888888A0-9F3D-457C-B088-3A5042F75D52}") = "3MLIDTS-LuisAlegria-02Pyton", "3MLIDTS-LuisAlegria-02Pyton\3MLIDTS-LuisAlegria-02Pyton.pyproj", "{C7EB70E3-AA01-43B9-AF27-CE96B4F612BB}"
EndProject
Global
	GlobalSection(SolutionConfigurationPlatforms) = preSolution
		Debug|Any CPU = Debug|Any CPU
		Release|Any CPU = Release|Any CPU
	EndGlobalSection
	GlobalSection(ProjectConfigurationPlatforms) = postSolution
		{C7EB70E3-AA01-43B9-AF27-CE96B4F612BB}.Debug|Any CPU.ActiveCfg = Debug|Any CPU
		{C7EB70E3-AA01-43B9-AF27-CE96B4F612BB}.Release|Any CPU.ActiveCfg = Release|Any CPU
	EndGlobalSection
	GlobalSection(SolutionProperties) = preSolution
		HideSolutionNode = FALSE
	EndGlobalSection
EndGlobal
